
Microsoft Visual Studio Solution File, Format Version 12.00
# Visual Studio Version 16
VisualStudioVersion = 16.0.31424.327
MinimumVisualStudioVersion = 10.0.40219.1
Project("{FAE04EC0-301F-11D3-BF4B-00C04F79EFBC}") = "FlamingSoftHR(Prototype).Server", "FlamingSoftHR\Server\FlamingSoftHR(Prototype).Server.csproj", "{B937E928-FFE7-4530-A67D-D8A8C904E9DB}"
EndProject
Project("{FAE04EC0-301F-11D3-BF4B-00C04F79EFBC}") = "FlamingSoftHR(Prototype).Client", "FlamingSoftHR\Client\FlamingSoftHR(Prototype).Client.csproj", "{104E83EA-035B-4026-8B9A-0A9CF224070A}"
EndProject
Project("{FAE04EC0-301F-11D3-BF4B-00C04F79EFBC}") = "FlamingSoftHR(Prototype).Shared", "FlamingSoftHR\Shared\FlamingSoftHR(Prototype).Shared.csproj", "{0054CCDE-7030-42A7-B54E-DF5D2A24BAF1}"
EndProject
Global
	GlobalSection(SolutionConfigurationPlatforms) = preSolution
		Debug|Any CPU = Debug|Any CPU
		Release|Any CPU = Release|Any CPU
	EndGlobalSection
	GlobalSection(ProjectConfigurationPlatforms) = postSolution
		{B937E928-FFE7-4530-A67D-D8A8C904E9DB}.Debug|Any CPU.ActiveCfg = Debug|Any CPU
		{B937E928-FFE7-4530-A67D-D8A8C904E9DB}.Debug|Any CPU.Build.0 = Debug|Any CPU
		{B937E928-FFE7-4530-A67D-D8A8C904E9DB}.Release|Any CPU.ActiveCfg = Release|Any CPU
		{B937E928-FFE7-4530-A67D-D8A8C904E9DB}.Release|Any CPU.Build.0 = Release|Any CPU
		{104E83EA-035B-4026-8B9A-0A9CF224070A}.Debug|Any CPU.ActiveCfg = Debug|Any CPU
		{104E83EA-035B-4026-8B9A-0A9CF224070A}.Debug|Any CPU.Build.0 = Debug|Any CPU
		{104E83EA-035B-4026-8B9A-0A9CF224070A}.Release|Any CPU.ActiveCfg = Release|Any CPU
		{104E83EA-035B-4026-8B9A-0A9CF224070A}.Release|Any CPU.Build.0 = Release|Any CPU
		{0054CCDE-7030-42A7-B54E-DF5D2A24BAF1}.Debug|Any CPU.ActiveCfg = Debug|Any CPU
		{0054CCDE-7030-42A7-B54E-DF5D2A24BAF1}.Debug|Any CPU.Build.0 = Debug|Any CPU
		{0054CCDE-7030-42A7-B54E-DF5D2A24BAF1}.Release|Any CPU.ActiveCfg = Release|Any CPU
		{0054CCDE-7030-42A7-B54E-DF5D2A24BAF1}.Release|Any CPU.Build.0 = Release|Any CPU
	EndGlobalSection
	GlobalSection(SolutionProperties) = preSolution
		HideSolutionNode = FALSE
	EndGlobalSection
	GlobalSection(ExtensibilityGlobals) = postSolution
		SolutionGuid = {59347760-C44D-47B6-B331-053986174324}
	EndGlobalSection
EndGlobal
